
Microsoft Visual Studio Solution File, Format Version 12.00
# Visual Studio Version 17
VisualStudioVersion = 17.4.33205.214
MinimumVisualStudioVersion = 10.0.40219.1
Project("{FAE04EC0-301F-11D3-BF4B-00C04F79EFBC}") = "typy_danych2", "typy_danych2\typy_danych2.csproj", "{807CA23C-7F96-4452-8311-5E1C05B0C3EA}"
EndProject
Global
	GlobalSection(SolutionConfigurationPlatforms) = preSolution
		Debug|Any CPU = Debug|Any CPU
		Release|Any CPU = Release|Any CPU
	EndGlobalSection
	GlobalSection(ProjectConfigurationPlatforms) = postSolution
		{807CA23C-7F96-4452-8311-5E1C05B0C3EA}.Debug|Any CPU.ActiveCfg = Debug|Any CPU
		{807CA23C-7F96-4452-8311-5E1C05B0C3EA}.Debug|Any CPU.Build.0 = Debug|Any CPU
		{807CA23C-7F96-4452-8311-5E1C05B0C3EA}.Release|Any CPU.ActiveCfg = Release|Any CPU
		{807CA23C-7F96-4452-8311-5E1C05B0C3EA}.Release|Any CPU.Build.0 = Release|Any CPU
	EndGlobalSection
	GlobalSection(SolutionProperties) = preSolution
		HideSolutionNode = FALSE
	EndGlobalSection
	GlobalSection(ExtensibilityGlobals) = postSolution
		SolutionGuid = {70C94C4B-30C2-4860-8D20-BC5469120C2D}
	EndGlobalSection
EndGlobal
