
Microsoft Visual Studio Solution File, Format Version 12.00
# Visual Studio Version 17
VisualStudioVersion = 17.4.33205.214
MinimumVisualStudioVersion = 10.0.40219.1
Project("{FAE04EC0-301F-11D3-BF4B-00C04F79EFBC}") = "typy_danych3", "typy_danych3\typy_danych3.csproj", "{21F602D9-4352-46A7-B476-D61E9CE03008}"
EndProject
Global
	GlobalSection(SolutionConfigurationPlatforms) = preSolution
		Debug|Any CPU = Debug|Any CPU
		Release|Any CPU = Release|Any CPU
	EndGlobalSection
	GlobalSection(ProjectConfigurationPlatforms) = postSolution
		{21F602D9-4352-46A7-B476-D61E9CE03008}.Debug|Any CPU.ActiveCfg = Debug|Any CPU
		{21F602D9-4352-46A7-B476-D61E9CE03008}.Debug|Any CPU.Build.0 = Debug|Any CPU
		{21F602D9-4352-46A7-B476-D61E9CE03008}.Release|Any CPU.ActiveCfg = Release|Any CPU
		{21F602D9-4352-46A7-B476-D61E9CE03008}.Release|Any CPU.Build.0 = Release|Any CPU
	EndGlobalSection
	GlobalSection(SolutionProperties) = preSolution
		HideSolutionNode = FALSE
	EndGlobalSection
	GlobalSection(ExtensibilityGlobals) = postSolution
		SolutionGuid = {BA0FA152-CDA9-4C3F-AEEB-57248CDF092C}
	EndGlobalSection
EndGlobal
